
Microsoft Visual Studio Solution File, Format Version 12.00
# Visual Studio Version 17
VisualStudioVersion = 17.1.32228.430
MinimumVisualStudioVersion = 10.0.40219.1
Project("{FAE04EC0-301F-11D3-BF4B-00C04F79EFBC}") = "E_Commerce.MvcWebUI", "E_Commerce.MvcWebUI\E_Commerce.MvcWebUI.csproj", "{3D2F1807-EFD1-4FFE-9935-2C72057CECEE}"
EndProject
Global
	GlobalSection(SolutionConfigurationPlatforms) = preSolution
		Debug|Any CPU = Debug|Any CPU
		Release|Any CPU = Release|Any CPU
	EndGlobalSection
	GlobalSection(ProjectConfigurationPlatforms) = postSolution
		{3D2F1807-EFD1-4FFE-9935-2C72057CECEE}.Debug|Any CPU.ActiveCfg = Debug|Any CPU
		{3D2F1807-EFD1-4FFE-9935-2C72057CECEE}.Debug|Any CPU.Build.0 = Debug|Any CPU
		{3D2F1807-EFD1-4FFE-9935-2C72057CECEE}.Release|Any CPU.ActiveCfg = Release|Any CPU
		{3D2F1807-EFD1-4FFE-9935-2C72057CECEE}.Release|Any CPU.Build.0 = Release|Any CPU
	EndGlobalSection
	GlobalSection(SolutionProperties) = preSolution
		HideSolutionNode = FALSE
	EndGlobalSection
	GlobalSection(ExtensibilityGlobals) = postSolution
		SolutionGuid = {D7E4A72E-0F37-47E3-9BB1-54D17A9C9F2E}
	EndGlobalSection
EndGlobal
